{
    "_readme": [
        "This file locks the dependencies of your project to a known state",
        "Read more about it at http://getcomposer.org/doc/01-basic-usage.md#composer-lock-the-lock-file",
        "This file is @generated automatically"
    ],
    "hash": "568671e36b2cf4f0e704eea67f0470af",
    "packages": [
        {
            "name": "amazonwebservices/aws-sdk-for-php",
            "version": "1.6.2",
            "source": {
                "type": "git",
                "url": "https://github.com/amazonwebservices/aws-sdk-for-php.git",
                "reference": "65d6bc82d6e0cd095709c342a23c749dc2f3a012"
            },
            "dist": {
                "type": "zip",
                "url": "https://api.github.com/repos/amazonwebservices/aws-sdk-for-php/zipball/65d6bc82d6e0cd095709c342a23c749dc2f3a012",
                "reference": "65d6bc82d6e0cd095709c342a23c749dc2f3a012",
                "shasum": ""
            },
            "require": {
                "php": ">=5.2.0"
            },
            "suggest": {
                "aws/aws-sdk-php": "You should consider upgrading to version 2 of the AWS SDK for PHP"
            },
            "type": "library",
            "autoload": {
                "classmap": [
                    "authentication/",
                    "extensions/",
                    "lib/",
                    "services/",
                    "utilities/",
                    "sdk.class.php"
                ]
            },
            "notification-url": "https://packagist.org/downloads/",
            "license": [
                "Apache-2.0"
            ],
            "authors": [
                {
                    "name": "Amazon Web Services",
                    "homepage": "http://aws.amazon.com"
                }
            ],
            "description": "AWS SDK for PHP",
            "homepage": "http://aws.amazon.com/sdkforphp/",
            "keywords": [
                "amazon",
                "aws",
                "dynamodb",
                "ec2",
                "s3",
                "sdk"
            ],
            "time": "2013-03-15 19:43:06"
        },
        {
            "name": "leafo/lessphp",
            "version": "v0.4.0",
            "source": {
                "type": "git",
                "url": "https://github.com/leafo/lessphp.git",
                "reference": "51f3f06f0fe78a722dabfd14578444bdd078d9de"
            },
            "dist": {
                "type": "zip",
                "url": "https://api.github.com/repos/leafo/lessphp/zipball/51f3f06f0fe78a722dabfd14578444bdd078d9de",
                "reference": "51f3f06f0fe78a722dabfd14578444bdd078d9de",
                "shasum": ""
            },
            "type": "library",
            "extra": {
                "branch-alias": {
                    "dev-master": "0.3-dev"
                }
            },
            "autoload": {
                "classmap": [
                    "lessc.inc.php"
                ]
            },
            "notification-url": "https://packagist.org/downloads/",
            "license": [
                "MIT",
                "GPL-3.0"
            ],
            "authors": [
                {
                    "name": "Leaf Corcoran",
                    "email": "leafot@gmail.com",
                    "homepage": "http://leafo.net"
                }
            ],
            "description": "lessphp is a compiler for LESS written in PHP.",
            "homepage": "http://leafo.net/lessphp/",
            "time": "2013-08-09 17:09:19"
        },
        {
            "name": "nterchange",
            "version": "dev-master",
            "source": {
                "type": "git",
                "url": "https://github.com/nonfiction/nterchange.git",
                "reference": "214a60fcca6a1b406d1656db46b7b837b260512a"
            },
            "dist": {
                "type": "zip",
                "url": "https://api.github.com/repos/nonfiction/nterchange/zipball/214a60fcca6a1b406d1656db46b7b837b260512a",
                "reference": "214a60fcca6a1b406d1656db46b7b837b260512a",
                "shasum": ""
            },
            "require": {
                "amazonwebservices/aws-sdk-for-php": "1.6.2",
                "nterchange_pear": "*"
            },
            "require-dev": {
                "phpunit/phpunit": "3.7.28"
            },
            "type": "library",
            "autoload": {
                "classmap": [
                    "lib/",
                    "app/"
                ],
                "files": [
                    "vendor/Smarty/libs/Smarty.class.php",
                    "vendor/SmartyPaginate/SmartyPaginate.class.php"
                ]
            },
            "include-path": [
                "./",
                "vendor/",
                "lib/"
            ],
            "description": "Core libraries for nterchange CMS",
            "support": {
                "source": "https://github.com/nonfiction/nterchange/tree/master",
                "issues": "https://github.com/nonfiction/nterchange/issues"
            },
            "time": "2014-08-06 22:42:30"
        },
        {
            "name": "nterchange_pear",
            "version": "dev-master",
            "source": {
                "type": "git",
                "url": "https://github.com/nonfiction/nterchange_pear.git",
                "reference": "b17c9641a6d2ce03fdb8de9c8eec4fb373bad892"
            },
            "dist": {
                "type": "zip",
                "url": "https://api.github.com/repos/nonfiction/nterchange_pear/zipball/b17c9641a6d2ce03fdb8de9c8eec4fb373bad892",
                "reference": "b17c9641a6d2ce03fdb8de9c8eec4fb373bad892",
                "shasum": ""
            },
            "type": "library",
            "autoload": {
                "classmap": [
                    "./"
                ]
            },
            "include-path": [
                "./"
            ],
            "description": "PEAR library dependencies for nterchange",
            "support": {
                "source": "https://github.com/nonfiction/nterchange_pear/tree/master",
                "issues": "https://github.com/nonfiction/nterchange_pear/issues"
            },
            "time": "2014-06-10 20:15:02"
        },
        {
            "name": "phpmailer/phpmailer",
            "version": "dev-master",
            "source": {
                "type": "git",
                "url": "https://github.com/PHPMailer/PHPMailer.git",
                "reference": "accb157ab30e47b346e7f24550a5958b128dc42f"
            },
            "dist": {
                "type": "zip",
                "url": "https://api.github.com/repos/PHPMailer/PHPMailer/zipball/accb157ab30e47b346e7f24550a5958b128dc42f",
                "reference": "accb157ab30e47b346e7f24550a5958b128dc42f",
                "shasum": ""
            },
            "require": {
                "php": ">=5.0.0"
            },
            "require-dev": {
                "phpdocumentor/phpdocumentor": "*",
                "phpunit/phpunit": "4.1.*"
            },
            "type": "library",
            "autoload": {
                "classmap": [
                    "class.phpmailer.php",
                    "class.pop3.php",
                    "class.smtp.php"
                ]
            },
            "notification-url": "https://packagist.org/downloads/",
            "license": [
                "LGPL-2.1"
            ],
            "authors": [
                {
                    "name": "Jim Jagielski",
                    "email": "jimjag@gmail.com"
                },
                {
                    "name": "Marcus Bointon",
                    "email": "phpmailer@synchromedia.co.uk"
                },
                {
                    "name": "Andy Prevost",
                    "email": "codeworxtech@users.sourceforge.net"
                },
                {
                    "name": "Brent R. Matzelle"
                }
            ],
            "description": "PHPMailer is a full-featured email creation and transfer class for PHP",
            "time": "2014-08-13 09:33:26"
        },
        {
            "name": "vlucas/phpdotenv",
            "version": "1.0.6",
            "source": {
                "type": "git",
                "url": "https://github.com/vlucas/phpdotenv.git",
                "reference": "2821c024b4c14c7e6d1ff99e063ae9532620beb2"
            },
            "dist": {
                "type": "zip",
                "url": "https://api.github.com/repos/vlucas/phpdotenv/zipball/2821c024b4c14c7e6d1ff99e063ae9532620beb2",
                "reference": "2821c024b4c14c7e6d1ff99e063ae9532620beb2",
                "shasum": ""
            },
            "require": {
                "php": ">=5.3.2"
            },
            "require-dev": {
                "phpunit/phpunit": "*"
            },
            "type": "library",
            "autoload": {
                "psr-0": {
                    "Dotenv": "src/"
                }
            },
            "notification-url": "https://packagist.org/downloads/",
            "license": [
                "BSD"
            ],
            "authors": [
                {
                    "name": "Vance Lucas",
                    "email": "vance@vancelucas.com",
                    "homepage": "http://www.vancelucas.com",
                    "role": "Developer"
                }
            ],
            "description": "Loads environment variables from `.env` to `getenv()`, `$_ENV` and `$_SERVER` automagically.",
            "homepage": "http://github.com/vlucas/phpdotenv",
            "keywords": [
                "dotenv",
                "env",
                "environment"
            ],
            "time": "2014-01-31 16:18:39"
        }
    ],
    "packages-dev": [

    ],
    "aliases": [

    ],
    "minimum-stability": "stable",
    "stability-flags": {
        "nterchange_pear": 20,
        "nterchange": 20,
        "phpmailer/phpmailer": 20
    },
    "prefer-stable": false,
    "platform": [

    ],
    "platform-dev": [

    ]
}
